
Microsoft Visual Studio Solution File, Format Version 12.00
Project("{FAE04EC0-301F-11D3-BF4B-00C04F79EFBC}") = "MiniMercadoSaas.API", "MiniMercadoSaas.API\MiniMercadoSaas.API.csproj", "{9F5A707F-4C5C-4460-9A1F-0E5866004D06}"
EndProject
Project("{FAE04EC0-301F-11D3-BF4B-00C04F79EFBC}") = "MiniMercadoSaas.Domain", "MiniMercadoSaas.Domain\MiniMercadoSaas.Domain.csproj", "{F69FB3D6-4320-4C74-9241-9A1C49824464}"
EndProject
Project("{FAE04EC0-301F-11D3-BF4B-00C04F79EFBC}") = "MiniMercadoSaas.Infrastructure", "MiniMercadoSaas.Infrastructure\MiniMercadoSaas.Infrastructure.csproj", "{AD3EE825-6415-448E-A64D-F7718FB199A9}"
EndProject
Project("{FAE04EC0-301F-11D3-BF4B-00C04F79EFBC}") = "MiniMercadoSaas.Application", "MiniMercadoSaas.Application\MiniMercadoSaas.Application.csproj", "{C5A6C137-99DF-4D2D-905C-9995104F2C34}"
EndProject
Project("{2150E333-8FDC-42A3-9474-1A3956D46DE8}") = "Main", "Main", "{819193C0-4B57-47D9-96A9-6794B96606A0}"
EndProject
Global
	GlobalSection(SolutionConfigurationPlatforms) = preSolution
		Debug|Any CPU = Debug|Any CPU
		Release|Any CPU = Release|Any CPU
	EndGlobalSection
	GlobalSection(ProjectConfigurationPlatforms) = postSolution
		{9F5A707F-4C5C-4460-9A1F-0E5866004D06}.Debug|Any CPU.ActiveCfg = Debug|Any CPU
		{9F5A707F-4C5C-4460-9A1F-0E5866004D06}.Debug|Any CPU.Build.0 = Debug|Any CPU
		{9F5A707F-4C5C-4460-9A1F-0E5866004D06}.Release|Any CPU.ActiveCfg = Release|Any CPU
		{9F5A707F-4C5C-4460-9A1F-0E5866004D06}.Release|Any CPU.Build.0 = Release|Any CPU
		{F69FB3D6-4320-4C74-9241-9A1C49824464}.Debug|Any CPU.ActiveCfg = Debug|Any CPU
		{F69FB3D6-4320-4C74-9241-9A1C49824464}.Debug|Any CPU.Build.0 = Debug|Any CPU
		{F69FB3D6-4320-4C74-9241-9A1C49824464}.Release|Any CPU.ActiveCfg = Release|Any CPU
		{F69FB3D6-4320-4C74-9241-9A1C49824464}.Release|Any CPU.Build.0 = Release|Any CPU
		{AD3EE825-6415-448E-A64D-F7718FB199A9}.Debug|Any CPU.ActiveCfg = Debug|Any CPU
		{AD3EE825-6415-448E-A64D-F7718FB199A9}.Debug|Any CPU.Build.0 = Debug|Any CPU
		{AD3EE825-6415-448E-A64D-F7718FB199A9}.Release|Any CPU.ActiveCfg = Release|Any CPU
		{AD3EE825-6415-448E-A64D-F7718FB199A9}.Release|Any CPU.Build.0 = Release|Any CPU
		{C5A6C137-99DF-4D2D-905C-9995104F2C34}.Debug|Any CPU.ActiveCfg = Debug|Any CPU
		{C5A6C137-99DF-4D2D-905C-9995104F2C34}.Debug|Any CPU.Build.0 = Debug|Any CPU
		{C5A6C137-99DF-4D2D-905C-9995104F2C34}.Release|Any CPU.ActiveCfg = Release|Any CPU
		{C5A6C137-99DF-4D2D-905C-9995104F2C34}.Release|Any CPU.Build.0 = Release|Any CPU
	EndGlobalSection
	GlobalSection(NestedProjects) = preSolution
		{9F5A707F-4C5C-4460-9A1F-0E5866004D06} = {819193C0-4B57-47D9-96A9-6794B96606A0}
		{C5A6C137-99DF-4D2D-905C-9995104F2C34} = {819193C0-4B57-47D9-96A9-6794B96606A0}
		{F69FB3D6-4320-4C74-9241-9A1C49824464} = {819193C0-4B57-47D9-96A9-6794B96606A0}
		{AD3EE825-6415-448E-A64D-F7718FB199A9} = {819193C0-4B57-47D9-96A9-6794B96606A0}
	EndGlobalSection
EndGlobal
